
Microsoft Visual Studio Solution File, Format Version 12.00
# Visual Studio Version 17
VisualStudioVersion = 17.2.32526.322
MinimumVisualStudioVersion = 10.0.40219.1
Project("{9A19103F-16F7-4668-BE54-9A1E7A4F7556}") = "Wordle.Domain", "Wordle\Wordle.Domain.csproj", "{E6042498-8D36-45EF-8F23-BE4A950931DB}"
EndProject
Project("{9A19103F-16F7-4668-BE54-9A1E7A4F7556}") = "Wordle.Test", "Wordle.Test\Wordle.Test.csproj", "{93AB7CBF-67E0-47E5-AB7C-99B08FD0F082}"
EndProject
Project("{9A19103F-16F7-4668-BE54-9A1E7A4F7556}") = "WordleAPI", "WordleAPI\WordleAPI.csproj", "{EDAD3608-CE91-4774-AF18-B10A89C19BED}"
EndProject
Project("{FAE04EC0-301F-11D3-BF4B-00C04F79EFBC}") = "Wordle.Infra", "Wordle.Infra\Wordle.Infra.csproj", "{66D8B5E6-DC06-4434-B045-909E0FA4F213}"
EndProject
Global
	GlobalSection(SolutionConfigurationPlatforms) = preSolution
		Debug|Any CPU = Debug|Any CPU
		Release|Any CPU = Release|Any CPU
	EndGlobalSection
	GlobalSection(ProjectConfigurationPlatforms) = postSolution
		{E6042498-8D36-45EF-8F23-BE4A950931DB}.Debug|Any CPU.ActiveCfg = Debug|Any CPU
		{E6042498-8D36-45EF-8F23-BE4A950931DB}.Debug|Any CPU.Build.0 = Debug|Any CPU
		{E6042498-8D36-45EF-8F23-BE4A950931DB}.Release|Any CPU.ActiveCfg = Release|Any CPU
		{E6042498-8D36-45EF-8F23-BE4A950931DB}.Release|Any CPU.Build.0 = Release|Any CPU
		{93AB7CBF-67E0-47E5-AB7C-99B08FD0F082}.Debug|Any CPU.ActiveCfg = Debug|Any CPU
		{93AB7CBF-67E0-47E5-AB7C-99B08FD0F082}.Debug|Any CPU.Build.0 = Debug|Any CPU
		{93AB7CBF-67E0-47E5-AB7C-99B08FD0F082}.Release|Any CPU.ActiveCfg = Release|Any CPU
		{93AB7CBF-67E0-47E5-AB7C-99B08FD0F082}.Release|Any CPU.Build.0 = Release|Any CPU
		{EDAD3608-CE91-4774-AF18-B10A89C19BED}.Debug|Any CPU.ActiveCfg = Debug|Any CPU
		{EDAD3608-CE91-4774-AF18-B10A89C19BED}.Debug|Any CPU.Build.0 = Debug|Any CPU
		{EDAD3608-CE91-4774-AF18-B10A89C19BED}.Release|Any CPU.ActiveCfg = Release|Any CPU
		{EDAD3608-CE91-4774-AF18-B10A89C19BED}.Release|Any CPU.Build.0 = Release|Any CPU
		{66D8B5E6-DC06-4434-B045-909E0FA4F213}.Debug|Any CPU.ActiveCfg = Debug|Any CPU
		{66D8B5E6-DC06-4434-B045-909E0FA4F213}.Debug|Any CPU.Build.0 = Debug|Any CPU
		{66D8B5E6-DC06-4434-B045-909E0FA4F213}.Release|Any CPU.ActiveCfg = Release|Any CPU
		{66D8B5E6-DC06-4434-B045-909E0FA4F213}.Release|Any CPU.Build.0 = Release|Any CPU
	EndGlobalSection
	GlobalSection(SolutionProperties) = preSolution
		HideSolutionNode = FALSE
	EndGlobalSection
	GlobalSection(ExtensibilityGlobals) = postSolution
		SolutionGuid = {9A909DCE-49C8-4741-B634-DC60DA113A4B}
	EndGlobalSection
EndGlobal
